{
  "name": "interactive-tools",
  "version": "0.0.2",
  "lockfileVersion": 1,
  "requires": true,
  "dependencies": {
    "autocomplete-js": {
      "version": "2.7.1",
      "resolved": "https://registry.npmjs.org/autocomplete-js/-/autocomplete-js-2.7.1.tgz",
      "integrity": "sha512-F+1Sj13zbfpbkprKjtyYiaHgBo6YODzNzWgJjgo/p312AeiZVEn3W+NaRRzVZYqMI0Bm7/W36uanp995eNDy+A=="
    },
    "awesomplete": {
      "version": "1.1.5",
      "resolved": "https://registry.npmjs.org/awesomplete/-/awesomplete-1.1.5.tgz",
      "integrity": "sha512-UFw1mPW8NaSECDSTC36HbAOTpF9JK2wBUJcNn4MSvlNtK7SZ9N72gB+ajHtA6D1abYXRcszZnBA4nHBwvFwzHw=="
    },
    "styleselect": {
      "version": "1.0.3"
    }
  }
}
