{
  "name": "interactive-tools",
  "version": "0.0.2",
  "lockfileVersion": 1,
  "requires": true,
  "dependencies": {
    "autocomplete-js": {
      "version": "2.7.1",
      "resolved": "https://registry.npmjs.org/autocomplete-js/-/autocomplete-js-2.7.1.tgz",
      "integrity": "sha512-F+1Sj13zbfpbkprKjtyYiaHgBo6YODzNzWgJjgo/p312AeiZVEn3W+NaRRzVZYqMI0Bm7/W36uanp995eNDy+A=="
    },
    "awesomplete": {
      "version": "1.1.5",
      "resolved": "https://registry.npmjs.org/awesomplete/-/awesomplete-1.1.5.tgz",
      "integrity": "sha512-UFw1mPW8NaSECDSTC36HbAOTpF9JK2wBUJcNn4MSvlNtK7SZ9N72gB+ajHtA6D1abYXRcszZnBA4nHBwvFwzHw=="
    },
    "d3-selection": {
      "version": "2.0.0",
      "resolved": "https://registry.npmjs.org/d3-selection/-/d3-selection-2.0.0.tgz",
      "integrity": "sha512-XoGGqhLUN/W14NmaqcO/bb1nqjDAw5WtSYb2X8wiuQWvSZUsUVYsOSkOybUrNvcBjaywBdYPy03eXHMXjk9nZA=="
    },
    "styleselect": {
      "version": "1.0.3",
      "resolved": "https://registry.npmjs.org/styleselect/-/styleselect-1.0.3.tgz",
      "integrity": "sha1-V17sJMsGL2G7ZPp1nxJitcCANmc="
    }
  }
}
